dependencies:
  espressif/esp_tinyusb:
    component_hash: 7e7689103f62aeee3644bde193236aaff37f6f6261e9bdb4f1e14a3ac8909e3a
    source:
      service_url: https://api.components.espressif.com/
      type: service
    version: 1.2.0
  espressif/led_strip:
    component_hash: b72bbf7e4522e8e445db30b10627bc0e8e70d668af316dece9b15abf729aef37
    source:
      service_url: https://api.components.espressif.com/
      type: service
    version: 2.3.1
  espressif/tinyusb:
    component_hash: 820a2eef39c7ff0b810e859efd7035a4e5b9b44e77c49020a50ef0668fc941ae
    source:
      service_url: https://api.components.espressif.com/
      type: service
    version: 0.14.2
  idf:
    component_hash: null
    source:
      type: idf
    version: 5.0.1
manifest_hash: 99f8ec077175c96d3a964525d4e7bd011ca99f322ecc06aa5df9dc491ee71a36
target: esp32s3
version: 1.0.0
